{
    "_readme": [
        "This file locks the dependencies of your project to a known state",
        "Read more about it at https://getcomposer.org/doc/01-basic-usage.md#installing-dependencies",
        "This file is @generated automatically"
    ],
    "content-hash": "ad2ebabefa80e9d5eb724397fee558cd",
    "packages": [
        {
            "name": "servo/fluidxml",
            "version": "2.0.0",
            "source": {
                "type": "git",
                "url": "https://github.com/servo-php/fluidxml.git",
                "reference": "11c82b43cedd790a7b35dd06ac2288e1178aa2e2"
            },
            "dist": {
                "type": "zip",
                "url": "https://api.github.com/repos/servo-php/fluidxml/zipball/11c82b43cedd790a7b35dd06ac2288e1178aa2e2",
                "reference": "11c82b43cedd790a7b35dd06ac2288e1178aa2e2",
                "shasum": ""
            },
            "require": {
                "ext-dom": "*",
                "ext-simplexml": "*",
                "php": "^8.1"
            },
            "require-dev": {
                "apigen/apigen": "4.*",
                "peridot-php/peridot": "1.*",
                "peridot-php/peridot-code-coverage-reporters": "1.*",
                "rector/rector": "^0.18.6"
            },
            "type": "library",
            "autoload": {
                "files": [
                    "./source/FluidXml/fluid.php"
                ],
                "psr-4": {
                    "FluidXml\\": "./source/FluidXml/"
                }
            },
            "notification-url": "https://packagist.org/downloads/",
            "license": [
                "BSD-2-Clause"
            ],
            "authors": [
                {
                    "name": "Daniele Orlando",
                    "email": "fluidxml@danieleorlando.io",
                    "homepage": "https://github.com/servo-php/fluidxml",
                    "role": "Developer"
                }
            ],
            "description": "Concise and fluent XML manipulation library",
            "homepage": "https://github.com/servo-php/fluidxml",
            "keywords": [
                "templating",
                "xml"
            ],
            "support": {
                "issues": "https://github.com/servo-php/fluidxml/issues",
                "source": "https://github.com/servo-php/fluidxml/tree/2"
            },
            "time": "2023-11-08T13:40:11+00:00"
        },
        {
            "name": "splitbrain/php-cli",
            "version": "1.3.1",
            "source": {
                "type": "git",
                "url": "https://github.com/splitbrain/php-cli.git",
                "reference": "844609ef16b8486691b7fd892d54478918f27fe8"
            },
            "dist": {
                "type": "zip",
                "url": "https://api.github.com/repos/splitbrain/php-cli/zipball/844609ef16b8486691b7fd892d54478918f27fe8",
                "reference": "844609ef16b8486691b7fd892d54478918f27fe8",
                "shasum": ""
            },
            "require": {
                "php": ">=5.3.0"
            },
            "require-dev": {
                "phpunit/phpunit": "^8"
            },
            "suggest": {
                "psr/log": "Allows you to make the CLI available as PSR-3 logger"
            },
            "type": "library",
            "autoload": {
                "psr-4": {
                    "splitbrain\\phpcli\\": "src"
                }
            },
            "notification-url": "https://packagist.org/downloads/",
            "license": [
                "MIT"
            ],
            "authors": [
                {
                    "name": "Andreas Gohr",
                    "email": "andi@splitbrain.org"
                }
            ],
            "description": "Easy command line scripts for PHP with opt parsing and color output. No dependencies",
            "keywords": [
                "argparse",
                "cli",
                "command line",
                "console",
                "getopt",
                "optparse",
                "terminal"
            ],
            "support": {
                "issues": "https://github.com/splitbrain/php-cli/issues",
                "source": "https://github.com/splitbrain/php-cli/tree/1.3.1"
            },
            "time": "2024-01-17T12:03:34+00:00"
        },
        {
            "name": "ulrichsg/getopt-php",
            "version": "v4.0.3",
            "source": {
                "type": "git",
                "url": "https://github.com/getopt-php/getopt-php.git",
                "reference": "91c31c9bc0ff9bbe22b0b02c63c7f5ddb8d2a8d5"
            },
            "dist": {
                "type": "zip",
                "url": "https://api.github.com/repos/getopt-php/getopt-php/zipball/91c31c9bc0ff9bbe22b0b02c63c7f5ddb8d2a8d5",
                "reference": "91c31c9bc0ff9bbe22b0b02c63c7f5ddb8d2a8d5",
                "shasum": ""
            },
            "require": {
                "ext-mbstring": "*",
                "php": "^7.1 || ^8.0"
            },
            "require-dev": {
                "phpunit/phpunit": "*",
                "squizlabs/php_codesniffer": "^3.5.8",
                "tflori/phpunit-printer": "*"
            },
            "type": "library",
            "autoload": {
                "psr-4": {
                    "GetOpt\\": "src"
                }
            },
            "notification-url": "https://packagist.org/downloads/",
            "license": [
                "MIT"
            ],
            "authors": [
                {
                    "name": "Ulrich Schmidt-Goertz",
                    "email": "ulrich@schmidt-goertz.de"
                },
                {
                    "name": "Thomas Flori",
                    "email": "thflori@gmail.com"
                }
            ],
            "description": "Command line arguments parser for PHP 7.1 and above",
            "homepage": "http://getopt-php.github.io/getopt-php",
            "support": {
                "issues": "https://github.com/getopt-php/getopt-php/issues",
                "source": "https://github.com/getopt-php/getopt-php/tree/v4.0.3"
            },
            "time": "2022-12-13T20:37:45+00:00"
        }
    ],
    "packages-dev": [
        {
            "name": "bamarni/composer-bin-plugin",
            "version": "1.8.2",
            "source": {
                "type": "git",
                "url": "https://github.com/bamarni/composer-bin-plugin.git",
                "reference": "92fd7b1e6e9cdae19b0d57369d8ad31a37b6a880"
            },
            "dist": {
                "type": "zip",
                "url": "https://api.github.com/repos/bamarni/composer-bin-plugin/zipball/92fd7b1e6e9cdae19b0d57369d8ad31a37b6a880",
                "reference": "92fd7b1e6e9cdae19b0d57369d8ad31a37b6a880",
                "shasum": ""
            },
            "require": {
                "composer-plugin-api": "^2.0",
                "php": "^7.2.5 || ^8.0"
            },
            "require-dev": {
                "composer/composer": "^2.0",
                "ext-json": "*",
                "phpstan/extension-installer": "^1.1",
                "phpstan/phpstan": "^1.8",
                "phpstan/phpstan-phpunit": "^1.1",
                "phpunit/phpunit": "^8.5 || ^9.5",
                "symfony/console": "^2.8.52 || ^3.4.35 || ^4.4 || ^5.0 || ^6.0",
                "symfony/finder": "^2.8.52 || ^3.4.35 || ^4.4 || ^5.0 || ^6.0",
                "symfony/process": "^2.8.52 || ^3.4.35 || ^4.4 || ^5.0 || ^6.0"
            },
            "type": "composer-plugin",
            "extra": {
                "class": "Bamarni\\Composer\\Bin\\BamarniBinPlugin"
            },
            "autoload": {
                "psr-4": {
                    "Bamarni\\Composer\\Bin\\": "src"
                }
            },
            "notification-url": "https://packagist.org/downloads/",
            "license": [
                "MIT"
            ],
            "description": "No conflicts for your bin dependencies",
            "keywords": [
                "composer",
                "conflict",
                "dependency",
                "executable",
                "isolation",
                "tool"
            ],
            "support": {
                "issues": "https://github.com/bamarni/composer-bin-plugin/issues",
                "source": "https://github.com/bamarni/composer-bin-plugin/tree/1.8.2"
            },
            "time": "2022-10-31T08:38:03+00:00"
        }
    ],
    "aliases": [],
    "minimum-stability": "stable",
    "stability-flags": [],
    "prefer-stable": false,
    "prefer-lowest": false,
    "platform": {
        "php": "^8.1",
        "ext-dom": "*",
        "ext-mbstring": "*",
        "ext-simplexml": "*"
    },
    "platform-dev": [],
    "plugin-api-version": "2.6.0"
}
