{
    "_readme": [
        "This file locks the dependencies of your project to a known state",
        "Read more about it at https://getcomposer.org/doc/01-basic-usage.md#installing-dependencies",
        "This file is @generated automatically"
    ],
    "content-hash": "60c7977c89ccae0afb5407bd24f3f927",
    "packages": [
        {
            "name": "servo/fluidxml",
            "version": "2.0.0",
            "source": {
                "type": "git",
                "url": "https://github.com/servo-php/fluidxml.git",
                "reference": "11c82b43cedd790a7b35dd06ac2288e1178aa2e2"
            },
            "dist": {
                "type": "zip",
                "url": "https://api.github.com/repos/servo-php/fluidxml/zipball/11c82b43cedd790a7b35dd06ac2288e1178aa2e2",
                "reference": "11c82b43cedd790a7b35dd06ac2288e1178aa2e2",
                "shasum": ""
            },
            "require": {
                "ext-dom": "*",
                "ext-simplexml": "*",
                "php": "^8.1"
            },
            "require-dev": {
                "apigen/apigen": "4.*",
                "peridot-php/peridot": "1.*",
                "peridot-php/peridot-code-coverage-reporters": "1.*",
                "rector/rector": "^0.18.6"
            },
            "type": "library",
            "autoload": {
                "files": [
                    "./source/FluidXml/fluid.php"
                ],
                "psr-4": {
                    "FluidXml\\": "./source/FluidXml/"
                }
            },
            "notification-url": "https://packagist.org/downloads/",
            "license": [
                "BSD-2-Clause"
            ],
            "authors": [
                {
                    "name": "Daniele Orlando",
                    "email": "fluidxml@danieleorlando.io",
                    "homepage": "https://github.com/servo-php/fluidxml",
                    "role": "Developer"
                }
            ],
            "description": "Concise and fluent XML manipulation library",
            "homepage": "https://github.com/servo-php/fluidxml",
            "keywords": [
                "templating",
                "xml"
            ],
            "support": {
                "issues": "https://github.com/servo-php/fluidxml/issues",
                "source": "https://github.com/servo-php/fluidxml/tree/2"
            },
            "time": "2023-11-08T13:40:11+00:00"
        },
        {
            "name": "ulrichsg/getopt-php",
            "version": "v4.0.3",
            "source": {
                "type": "git",
                "url": "https://github.com/getopt-php/getopt-php.git",
                "reference": "91c31c9bc0ff9bbe22b0b02c63c7f5ddb8d2a8d5"
            },
            "dist": {
                "type": "zip",
                "url": "https://api.github.com/repos/getopt-php/getopt-php/zipball/91c31c9bc0ff9bbe22b0b02c63c7f5ddb8d2a8d5",
                "reference": "91c31c9bc0ff9bbe22b0b02c63c7f5ddb8d2a8d5",
                "shasum": ""
            },
            "require": {
                "ext-mbstring": "*",
                "php": "^7.1 || ^8.0"
            },
            "require-dev": {
                "phpunit/phpunit": "*",
                "squizlabs/php_codesniffer": "^3.5.8",
                "tflori/phpunit-printer": "*"
            },
            "type": "library",
            "autoload": {
                "psr-4": {
                    "GetOpt\\": "src"
                }
            },
            "notification-url": "https://packagist.org/downloads/",
            "license": [
                "MIT"
            ],
            "authors": [
                {
                    "name": "Ulrich Schmidt-Goertz",
                    "email": "ulrich@schmidt-goertz.de"
                },
                {
                    "name": "Thomas Flori",
                    "email": "thflori@gmail.com"
                }
            ],
            "description": "Command line arguments parser for PHP 7.1 and above",
            "homepage": "http://getopt-php.github.io/getopt-php",
            "support": {
                "issues": "https://github.com/getopt-php/getopt-php/issues",
                "source": "https://github.com/getopt-php/getopt-php/tree/v4.0.3"
            },
            "time": "2022-12-13T20:37:45+00:00"
        }
    ],
    "packages-dev": [],
    "aliases": [],
    "minimum-stability": "stable",
    "stability-flags": {},
    "prefer-stable": false,
    "prefer-lowest": false,
    "platform": {
        "php": "^8.3",
        "ext-dom": "*",
        "ext-mbstring": "*",
        "ext-simplexml": "*"
    },
    "platform-dev": {},
    "plugin-api-version": "2.6.0"
}
